github.com/rakyll/portmidi v0.0.0-20191102002215-74e95e8bc9b1 h1:ayxM9WkC6QRX0QnfrbZa98pfFqrNq1jo+58rWL1qjZs=
github.com/rakyll/portmidi v0.0.0-20191102002215-74e95e8bc9b1/go.mod h1:xKffaBd7e1YUoLpR2azvJqkxEdUDNGNDMlsUNdv6Bcs=
github.com/tgmpje/motu v0.0.0-20200517102010-c6700cde6bb1 h1:bd7HzS6JsrrwCeFu36BfomBz7IhgdlJX0lcH2GeEoZI=
github.com/tgmpje/motu v0.0.0-20200517102010-c6700cde6bb1/go.mod h1:3O1wyLrh/ELSp5+eujeqiSwZX3DIQy+9kgqFLnTwNTE=
